// !$*UTF8*$!
{
	archiveVersion = 1;
	classes = {
	};
	objectVersion = 46;
	objects = {

/* Begin PBXBuildFile section */
		C75453691E6ADDBA004C6CA1 /* AppDelegate.swift in Sources */ = {isa = PBXBuildFile; fileRef = C75453681E6ADDBA004C6CA1 /* AppDelegate.swift */; };
		C754536B1E6ADDBA004C6CA1 /* ViewController.swift in Sources */ = {isa = PBXBuildFile; fileRef = C754536A1E6ADDBA004C6CA1 /* ViewController.swift */; };
		C754536E1E6ADDBA004C6CA1 /* Main.storyboard in Resources */ = {isa = PBXBuildFile; fileRef = C754536C1E6ADDBA004C6CA1 /* Main.storyboard */; };
		C75453711E6ADDBA004C6CA1 /* CursoAula2.xcdatamodeld in Sources */ = {isa = PBXBuildFile; fileRef = C754536F1E6ADDBA004C6CA1 /* CursoAula2.xcdatamodeld */; };
		C75453731E6ADDBA004C6CA1 /* Assets.xcassets in Resources */ = {isa = PBXBuildFile; fileRef = C75453721E6ADDBA004C6CA1 /* Assets.xcassets */; };
		C75453761E6ADDBA004C6CA1 /* LaunchScreen.storyboard in Resources */ = {isa = PBXBuildFile; fileRef = C75453741E6ADDBA004C6CA1 /* LaunchScreen.storyboard */; };
/* End PBXBuildFile section */

/* Begin PBXFileReference section */
		C75453651E6ADDBA004C6CA1 /* CursoAula2.app */ = {isa = PBXFileReference; explicitFileType = wrapper.application; includeInIndex = 0; path = CursoAula2.app; sourceTree = BUILT_PRODUCTS_DIR; };
		C75453681E6ADDBA004C6CA1 /* AppDelegate.swift */ = {isa = PBXFileReference; lastKnownFileType = sourcecode.swift; path = AppDelegate.swift; sourceTree = "<group>"; };
		C754536A1E6ADDBA004C6CA1 /* ViewController.swift */ = {isa = PBXFileReference; lastKnownFileType = sourcecode.swift; path = ViewController.swift; sourceTree = "<group>"; };
		C754536D1E6ADDBA004C6CA1 /* Base */ = {isa = PBXFileReference; lastKnownFileType = file.storyboard; name = Base; path = Base.lproj/Main.storyboard; sourceTree = "<group>"; };
		C75453701E6ADDBA004C6CA1 /* CursoAula2.xcdatamodel */ = {isa = PBXFileReference; lastKnownFileType = wrapper.xcdatamodel; path = CursoAula2.xcdatamodel; sourceTree = "<group>"; };
		C75453721E6ADDBA004C6CA1 /* Assets.xcassets */ = {isa = PBXFileReference; lastKnownFileType = folder.assetcatalog; path = Assets.xcassets; sourceTree = "<group>"; };
		C75453751E6ADDBA004C6CA1 /* Base */ = {isa = PBXFileReference; lastKnownFileType = file.storyboard; name = Base; path = Base.lproj/LaunchScreen.storyboard; sourceTree = "<group>"; };
		C75453771E6ADDBA004C6CA1 /* Info.plist */ = {isa = PBXFileReference; lastKnownFileType = text.plist.xml; path = Info.plist; sourceTree = "<group>"; };
/* End PBXFileReference section */

/* Begin PBXFrameworksBuildPhase section */
		C75453621E6ADDBA004C6CA1 /* Frameworks */ = {
			isa = PBXFrameworksBuildPhase;
			buildActionMask = 2147483647;
			files = (
			);
			runOnlyForDeploymentPostprocessing = 0;
		};
/* End PBXFrameworksBuildPhase section */

/* Begin PBXGroup section */
		C754535C1E6ADDBA004C6CA1 = {
			isa = PBXGroup;
			children = (
				C75453671E6ADDBA004C6CA1 /* CursoAula2 */,
				C75453661E6ADDBA004C6CA1 /* Products */,
			);
			sourceTree = "<group>";
		};
		C75453661E6ADDBA004C6CA1 /* Products */ = {
			isa = PBXGroup;
			children = (
				C75453651E6ADDBA004C6CA1 /* CursoAula2.app */,
			);
			name = Products;
			sourceTree = "<group>";
		};
		C75453671E6ADDBA004C6CA1 /* CursoAula2 */ = {
			isa = PBXGroup;
			children = (
				C75453681E6ADDBA004C6CA1 /* AppDelegate.swift */,
				C754536A1E6ADDBA004C6CA1 /* ViewController.swift */,
				C754536C1E6ADDBA004C6CA1 /* Main.storyboard */,
				C75453721E6ADDBA004C6CA1 /* Assets.xcassets */,
				C75453741E6ADDBA004C6CA1 /* LaunchScreen.storyboard */,
				C75453771E6ADDBA004C6CA1 /* Info.plist */,
				C754536F1E6ADDBA004C6CA1 /* CursoAula2.xcdatamodeld */,
			);
			path = CursoAula2;
			sourceTree = "<group>";
		};
/* End PBXGroup section */

/* Begin PBXNativeTarget section */
		C75453641E6ADDBA004C6CA1 /* CursoAula2 */ = {
			isa = PBXNativeTarget;
			buildConfigurationList = C754537A1E6ADDBA004C6CA1 /* Build configuration list for PBXNativeTarget "CursoAula2" */;
			buildPhases = (
				C75453611E6ADDBA004C6CA1 /* Sources */,
				C75453621E6ADDBA004C6CA1 /* Frameworks */,
				C75453631E6ADDBA004C6CA1 /* Resources */,
			);
			buildRules = (
			);
			dependencies = (
			);
			name = CursoAula2;
			productName = CursoAula2;
			productReference = C75453651E6ADDBA004C6CA1 /* CursoAula2.app */;
			productType = "com.apple.product-type.application";
		};
/* End PBXNativeTarget section */

/* Begin PBXProject section */
		C754535D1E6ADDBA004C6CA1 /* Project object */ = {
			isa = PBXProject;
			attributes = {
				LastSwiftUpdateCheck = 0820;
				LastUpgradeCheck = 0820;
				ORGANIZATIONNAME = "Gildo Vieira da Cunha Neto";
				TargetAttributes = {
					C75453641E6ADDBA004C6CA1 = {
						CreatedOnToolsVersion = 8.2.1;
						ProvisioningStyle = Automatic;
					};
				};
			};
			buildConfigurationList = C75453601E6ADDBA004C6CA1 /* Build configuration list for PBXProject "CursoAula2" */;
			compatibilityVersion = "Xcode 3.2";
			developmentRegion = English;
			hasScannedForEncodings = 0;
			knownRegions = (
				en,
				Base,
			);
			mainGroup = C754535C1E6ADDBA004C6CA1;
			productRefGroup = C75453661E6ADDBA004C6CA1 /* Products */;
			projectDirPath = "";
			projectRoot = "";
			targets = (
				C75453641E6ADDBA004C6CA1 /* CursoAula2 */,
			);
		};
/* End PBXProject section */

/* Begin PBXResourcesBuildPhase section */
		C75453631E6ADDBA004C6CA1 /* Resources */ = {
			isa = PBXResourcesBuildPhase;
			buildActionMask = 2147483647;
			files = (
				C75453761E6ADDBA004C6CA1 /* LaunchScreen.storyboard in Resources */,
				C75453731E6ADDBA004C6CA1 /* Assets.xcassets in Resources */,
				C754536E1E6ADDBA004C6CA1 /* Main.storyboard in Resources */,
			);
			runOnlyForDeploymentPostprocessing = 0;
		};
/* End PBXResourcesBuildPhase section */

/* Begin PBXSourcesBuildPhase section */
		C75453611E6ADDBA004C6CA1 /* Sources */ = {
			isa = PBXSourcesBuildPhase;
			buildActionMask = 2147483647;
			files = (
				C75453711E6ADDBA004C6CA1 /* CursoAula2.xcdatamodeld in Sources */,
				C754536B1E6ADDBA004C6CA1 /* ViewController.swift in Sources */,
				C75453691E6ADDBA004C6CA1 /* AppDelegate.swift in Sources */,
			);
			runOnlyForDeploymentPostprocessing = 0;
		};
/* End PBXSourcesBuildPhase section */

/* Begin PBXVariantGroup section */
		C754536C1E6ADDBA004C6CA1 /* Main.storyboard */ = {
			isa = PBXVariantGroup;
			children = (
				C754536D1E6ADDBA004C6CA1 /* Base */,
			);
			name = Main.storyboard;
			sourceTree = "<group>";
		};
		C75453741E6ADDBA004C6CA1 /* LaunchScreen.storyboard */ = {
			isa = PBXVariantGroup;
			children = (
				C75453751E6ADDBA004C6CA1 /* Base */,
			);
			name = LaunchScreen.storyboard;
			sourceTree = "<group>";
		};
/* End PBXVariantGroup section */

/* Begin XCBuildConfiguration section */
		C75453781E6ADDBA004C6CA1 /* Debug */ = {
			isa = XCBuildConfiguration;
			buildSettings = {
				ALWAYS_SEARCH_USER_PATHS = NO;
				CLANG_ANALYZER_NONNULL = YES;
				CLANG_CXX_LANGUAGE_STANDARD = "gnu++0x";
				CLANG_CXX_LIBRARY = "libc++";
				CLANG_ENABLE_MODULES = YES;
				CLANG_ENABLE_OBJC_ARC = YES;
				CLANG_WARN_BOOL_CONVERSION = YES;
				CLANG_WARN_CONSTANT_CONVERSION = YES;
				CLANG_WARN_DIRECT_OBJC_ISA_USAGE = YES_ERROR;
				CLANG_WARN_DOCUMENTATION_COMMENTS = YES;
				CLANG_WARN_EMPTY_BODY = YES;
				CLANG_WARN_ENUM_CONVERSION = YES;
				CLANG_WARN_INFINITE_RECURSION = YES;
				CLANG_WARN_INT_CONVERSION = YES;
				CLANG_WARN_OBJC_ROOT_CLASS = YES_ERROR;
				CLANG_WARN_SUSPICIOUS_MOVE = YES;
				CLANG_WARN_UNREACHABLE_CODE = YES;
				CLANG_WARN__DUPLICATE_METHOD_MATCH = YES;
				"CODE_SIGN_IDENTITY[sdk=iphoneos*]" = "iPhone Developer";
				COPY_PHASE_STRIP = NO;
				DEBUG_INFORMATION_FORMAT = dwarf;
				ENABLE_STRICT_OBJC_MSGSEND = YES;
				ENABLE_TESTABILITY = YES;
				GCC_C_LANGUAGE_STANDARD = gnu99;
				GCC_DYNAMIC_NO_PIC = NO;
				GCC_NO_COMMON_BLOCKS = YES;
				GCC_OPTIMIZATION_LEVEL = 0;
				GCC_PREPROCESSOR_DEFINITIONS = (
					"DEBUG=1",
					"$(inherited)",
				);
				GCC_WARN_64_TO_32_BIT_CONVERSION = YES;
				GCC_WARN_ABOUT_RETURN_TYPE = YES_ERROR;
				GCC_WARN_UNDECLARED_SELECTOR = YES;
				GCC_WARN_UNINITIALIZED_AUTOS = YES_AGGRESSIVE;
				GCC_WARN_UNUSED_FUNCTION = YES;
				GCC_WARN_UNUSED_VARIABLE = YES;
				IPHONEOS_DEPLOYMENT_TARGET = 10.2;
				MTL_ENABLE_DEBUG_INFO = YES;
				ONLY_ACTIVE_ARCH = YES;
				SDKROOT = iphoneos;
				SWIFT_ACTIVE_COMPILATION_CONDITIONS = DEBUG;
				SWIFT_OPTIMIZATION_LEVEL = "-Onone";
			};
			name = Debug;
		};
		C75453791E6ADDBA004C6CA1 /* Release */ = {
			isa = XCBuildConfiguration;
			buildSettings = {
				ALWAYS_SEARCH_USER_PATHS = NO;
				CLANG_ANALYZER_NONNULL = YES;
				CLANG_CXX_LANGUAGE_STANDARD = "gnu++0x";
				CLANG_CXX_LIBRARY = "libc++";
				CLANG_ENABLE_MODULES = YES;
				CLANG_ENABLE_OBJC_ARC = YES;
				CLANG_WARN_BOOL_CONVERSION = YES;
				CLANG_WARN_CONSTANT_CONVERSION = YES;
				CLANG_WARN_DIRECT_OBJC_ISA_USAGE = YES_ERROR;
				CLANG_WARN_DOCUMENTATION_COMMENTS = YES;
				CLANG_WARN_EMPTY_BODY = YES;
				CLANG_WARN_ENUM_CONVERSION = YES;
				CLANG_WARN_INFINITE_RECURSION = YES;
				CLANG_WARN_INT_CONVERSION = YES;
				CLANG_WARN_OBJC_ROOT_CLASS = YES_ERROR;
				CLANG_WARN_SUSPICIOUS_MOVE = YES;
				CLANG_WARN_UNREACHABLE_CODE = YES;
				CLANG_WARN__DUPLICATE_METHOD_MATCH = YES;
				"CODE_SIGN_IDENTITY[sdk=iphoneos*]" = "iPhone Developer";
				COPY_PHASE_STRIP = NO;
				DEBUG_INFORMATION_FORMAT = "dwarf-with-dsym";
				ENABLE_NS_ASSERTIONS = NO;
				ENABLE_STRICT_OBJC_MSGSEND = YES;
				GCC_C_LANGUAGE_STANDARD = gnu99;
				GCC_NO_COMMON_BLOCKS = YES;
				GCC_WARN_64_TO_32_BIT_CONVERSION = YES;
				GCC_WARN_ABOUT_RETURN_TYPE = YES_ERROR;
				GCC_WARN_UNDECLARED_SELECTOR = YES;
				GCC_WARN_UNINITIALIZED_AUTOS = YES_AGGRESSIVE;
				GCC_WARN_UNUSED_FUNCTION = YES;
				GCC_WARN_UNUSED_VARIABLE = YES;
				IPHONEOS_DEPLOYMENT_TARGET = 10.2;
				MTL_ENABLE_DEBUG_INFO = NO;
				SDKROOT = iphoneos;
				SWIFT_OPTIMIZATION_LEVEL = "-Owholemodule";
				VALIDATE_PRODUCT = YES;
			};
			name = Release;
		};
		C754537B1E6ADDBA004C6CA1 /* Debug */ = {
			isa = XCBuildConfiguration;
			buildSettings = {
				ASSETCATALOG_COMPILER_APPICON_NAME = AppIcon;
				INFOPLIST_FILE = CursoAula2/Info.plist;
				LD_RUNPATH_SEARCH_PATHS = "$(inherited) @executable_path/Frameworks";
				PRODUCT_BUNDLE_IDENTIFIER = br.com.CursoAula2;
				PRODUCT_NAME = "$(TARGET_NAME)";
				SWIFT_VERSION = 3.0;
			};
			name = Debug;
		};
		C754537C1E6ADDBA004C6CA1 /* Release */ = {
			isa = XCBuildConfiguration;
			buildSettings = {
				ASSETCATALOG_COMPILER_APPICON_NAME = AppIcon;
				INFOPLIST_FILE = CursoAula2/Info.plist;
				LD_RUNPATH_SEARCH_PATHS = "$(inherited) @executable_path/Frameworks";
				PRODUCT_BUNDLE_IDENTIFIER = br.com.CursoAula2;
				PRODUCT_NAME = "$(TARGET_NAME)";
				SWIFT_VERSION = 3.0;
			};
			name = Release;
		};
/* End XCBuildConfiguration section */

/* Begin XCConfigurationList section */
		C75453601E6ADDBA004C6CA1 /* Build configuration list for PBXProject "CursoAula2" */ = {
			isa = XCConfigurationList;
			buildConfigurations = (
				C75453781E6ADDBA004C6CA1 /* Debug */,
				C75453791E6ADDBA004C6CA1 /* Release */,
			);
			defaultConfigurationIsVisible = 0;
			defaultConfigurationName = Release;
		};
		C754537A1E6ADDBA004C6CA1 /* Build configuration list for PBXNativeTarget "CursoAula2" */ = {
			isa = XCConfigurationList;
			buildConfigurations = (
				C754537B1E6ADDBA004C6CA1 /* Debug */,
				C754537C1E6ADDBA004C6CA1 /* Release */,
			);
			defaultConfigurationIsVisible = 0;
		};
/* End XCConfigurationList section */

/* Begin XCVersionGroup section */
		C754536F1E6ADDBA004C6CA1 /* CursoAula2.xcdatamodeld */ = {
			isa = XCVersionGroup;
			children = (
				C75453701E6ADDBA004C6CA1 /* CursoAula2.xcdatamodel */,
			);
			currentVersion = C75453701E6ADDBA004C6CA1 /* CursoAula2.xcdatamodel */;
			path = CursoAula2.xcdatamodeld;
			sourceTree = "<group>";
			versionGroupType = wrapper.xcdatamodel;
		};
/* End XCVersionGroup section */
	};
	rootObject = C754535D1E6ADDBA004C6CA1 /* Project object */;
}
